
Microsoft Visual Studio Solution File, Format Version 12.00
# Visual Studio 15
VisualStudioVersion = 15.0.27130.2010
MinimumVisualStudioVersion = 10.0.40219.1
Project("{2150E333-8FDC-42A3-9474-1A3956D46DE8}") = ".root", ".root", "{23C37FC4-E781-4F6D-BC24-2202BF3DF0ED}"
	ProjectSection(SolutionItems) = preProject
		.gitignore = .gitignore
		commands.json = commands.json
		README.md = README.md
		releaseNotes.txt = releaseNotes.txt
	EndProjectSection
EndProject
Project("{F5034706-568F-408A-B7B3-4D38C6DB8A32}") = "build", "build\build.pssproj", "{6CAFC0C6-A428-4D30-A9F9-700E829FEA51}"
	ProjectSection(ProjectDependencies) = postProject
		{BB8293A7-F439-44CD-B5F2-E584A2635408} = {BB8293A7-F439-44CD-B5F2-E584A2635408}
	EndProjectSection
EndProject
Project("{F5034706-568F-408A-B7B3-4D38C6DB8A32}") = "Buildbox", "src\Buildbox\Buildbox.pssproj", "{BB8293A7-F439-44CD-B5F2-E584A2635408}"
EndProject
Project("{F5034706-568F-408A-B7B3-4D38C6DB8A32}") = "Buildbox.Pester", "tests\Buildbox.Pester\Buildbox.Pester.pssproj", "{5E14149B-55A6-4857-A267-3106D836189B}"
EndProject
Global
	GlobalSection(SolutionConfigurationPlatforms) = preSolution
		Debug|Any CPU = Debug|Any CPU
		Release|Any CPU = Release|Any CPU
	EndGlobalSection
	GlobalSection(ProjectConfigurationPlatforms) = postSolution
		{6CAFC0C6-A428-4D30-A9F9-700E829FEA51}.Debug|Any CPU.ActiveCfg = Debug|Any CPU
		{6CAFC0C6-A428-4D30-A9F9-700E829FEA51}.Debug|Any CPU.Build.0 = Debug|Any CPU
		{6CAFC0C6-A428-4D30-A9F9-700E829FEA51}.Release|Any CPU.ActiveCfg = Release|Any CPU
		{6CAFC0C6-A428-4D30-A9F9-700E829FEA51}.Release|Any CPU.Build.0 = Release|Any CPU
		{BB8293A7-F439-44CD-B5F2-E584A2635408}.Debug|Any CPU.ActiveCfg = Debug|Any CPU
		{BB8293A7-F439-44CD-B5F2-E584A2635408}.Debug|Any CPU.Build.0 = Debug|Any CPU
		{BB8293A7-F439-44CD-B5F2-E584A2635408}.Release|Any CPU.ActiveCfg = Release|Any CPU
		{BB8293A7-F439-44CD-B5F2-E584A2635408}.Release|Any CPU.Build.0 = Release|Any CPU
		{5E14149B-55A6-4857-A267-3106D836189B}.Debug|Any CPU.ActiveCfg = Debug|Any CPU
		{5E14149B-55A6-4857-A267-3106D836189B}.Debug|Any CPU.Build.0 = Debug|Any CPU
		{5E14149B-55A6-4857-A267-3106D836189B}.Release|Any CPU.ActiveCfg = Release|Any CPU
		{5E14149B-55A6-4857-A267-3106D836189B}.Release|Any CPU.Build.0 = Release|Any CPU
	EndGlobalSection
	GlobalSection(SolutionProperties) = preSolution
		HideSolutionNode = FALSE
	EndGlobalSection
	GlobalSection(ExtensibilityGlobals) = postSolution
		SolutionGuid = {34A65618-D86F-4AD4-9DA7-1D25B1A26DA9}
	EndGlobalSection
EndGlobal
