
Microsoft Visual Studio Solution File, Format Version 12.00
# Visual Studio 15
VisualStudioVersion = 15.0.26403.0
MinimumVisualStudioVersion = 10.0.40219.1
Project("{2150E333-8FDC-42A3-9474-1A3956D46DE8}") = "Solution Items", "Solution Items", "{23C37FC4-E781-4F6D-BC24-2202BF3DF0ED}"
	ProjectSection(SolutionItems) = preProject
		.gitignore = .gitignore
		commands.json = commands.json
		README.md = README.md
		start-build.ps1 = start-build.ps1
	EndProjectSection
EndProject
Project("{F5034706-568F-408A-B7B3-4D38C6DB8A32}") = "build", "build\build.pssproj", "{6CAFC0C6-A428-4D30-A9F9-700E829FEA51}"
EndProject
Project("{F5034706-568F-408A-B7B3-4D38C6DB8A32}") = "Buildbox.WAWSDeploy", "src\Buildbox.WAWSDeploy\Buildbox.WAWSDeploy.pssproj", "{873DB7BD-EE0A-4E3A-9779-AD5794B840DF}"
EndProject
Project("{FAE04EC0-301F-11D3-BF4B-00C04F79EFBC}") = "Buildbox.SemVer", "src\Buildbox.SemVer\Buildbox.SemVer.csproj", "{CB57CC45-57AA-42CB-A3AB-872DC875A07D}"
EndProject
Project("{FAE04EC0-301F-11D3-BF4B-00C04F79EFBC}") = "Tests.Buildbox", "tests\Tests.Buildbox\Tests.Buildbox.csproj", "{DC0E76DC-3EED-4062-B5A7-B7BB5418C443}"
EndProject
Project("{F5034706-568F-408A-B7B3-4D38C6DB8A32}") = "Buildbox.WinSCP", "src\Buildbox.WinSCP\Buildbox.WinSCP.pssproj", "{19498132-EED5-478D-B672-CE45769A921C}"
EndProject
Project("{F5034706-568F-408A-B7B3-4D38C6DB8A32}") = "Buildbox.Flyway", "src\Buildbox.Flyway\Buildbox.Flyway.pssproj", "{AEFAAA6C-4036-4490-AB2D-4AEF4C59C5C6}"
EndProject
Global
	GlobalSection(SolutionConfigurationPlatforms) = preSolution
		Debug|Any CPU = Debug|Any CPU
		Release|Any CPU = Release|Any CPU
	EndGlobalSection
	GlobalSection(ProjectConfigurationPlatforms) = postSolution
		{6CAFC0C6-A428-4D30-A9F9-700E829FEA51}.Debug|Any CPU.ActiveCfg = Debug|Any CPU
		{6CAFC0C6-A428-4D30-A9F9-700E829FEA51}.Debug|Any CPU.Build.0 = Debug|Any CPU
		{6CAFC0C6-A428-4D30-A9F9-700E829FEA51}.Release|Any CPU.ActiveCfg = Release|Any CPU
		{6CAFC0C6-A428-4D30-A9F9-700E829FEA51}.Release|Any CPU.Build.0 = Release|Any CPU
		{873DB7BD-EE0A-4E3A-9779-AD5794B840DF}.Debug|Any CPU.ActiveCfg = Debug|Any CPU
		{873DB7BD-EE0A-4E3A-9779-AD5794B840DF}.Debug|Any CPU.Build.0 = Debug|Any CPU
		{873DB7BD-EE0A-4E3A-9779-AD5794B840DF}.Release|Any CPU.ActiveCfg = Release|Any CPU
		{873DB7BD-EE0A-4E3A-9779-AD5794B840DF}.Release|Any CPU.Build.0 = Release|Any CPU
		{CB57CC45-57AA-42CB-A3AB-872DC875A07D}.Debug|Any CPU.ActiveCfg = Debug|Any CPU
		{CB57CC45-57AA-42CB-A3AB-872DC875A07D}.Debug|Any CPU.Build.0 = Debug|Any CPU
		{CB57CC45-57AA-42CB-A3AB-872DC875A07D}.Release|Any CPU.ActiveCfg = Release|Any CPU
		{CB57CC45-57AA-42CB-A3AB-872DC875A07D}.Release|Any CPU.Build.0 = Release|Any CPU
		{DC0E76DC-3EED-4062-B5A7-B7BB5418C443}.Debug|Any CPU.ActiveCfg = Debug|Any CPU
		{DC0E76DC-3EED-4062-B5A7-B7BB5418C443}.Debug|Any CPU.Build.0 = Debug|Any CPU
		{DC0E76DC-3EED-4062-B5A7-B7BB5418C443}.Release|Any CPU.ActiveCfg = Release|Any CPU
		{DC0E76DC-3EED-4062-B5A7-B7BB5418C443}.Release|Any CPU.Build.0 = Release|Any CPU
		{19498132-EED5-478D-B672-CE45769A921C}.Debug|Any CPU.ActiveCfg = Debug|Any CPU
		{19498132-EED5-478D-B672-CE45769A921C}.Debug|Any CPU.Build.0 = Debug|Any CPU
		{19498132-EED5-478D-B672-CE45769A921C}.Release|Any CPU.ActiveCfg = Release|Any CPU
		{19498132-EED5-478D-B672-CE45769A921C}.Release|Any CPU.Build.0 = Release|Any CPU
		{AEFAAA6C-4036-4490-AB2D-4AEF4C59C5C6}.Debug|Any CPU.ActiveCfg = Debug|Any CPU
		{AEFAAA6C-4036-4490-AB2D-4AEF4C59C5C6}.Debug|Any CPU.Build.0 = Debug|Any CPU
		{AEFAAA6C-4036-4490-AB2D-4AEF4C59C5C6}.Release|Any CPU.ActiveCfg = Release|Any CPU
		{AEFAAA6C-4036-4490-AB2D-4AEF4C59C5C6}.Release|Any CPU.Build.0 = Release|Any CPU
	EndGlobalSection
	GlobalSection(SolutionProperties) = preSolution
		HideSolutionNode = FALSE
	EndGlobalSection
EndGlobal
